
Microsoft Visual Studio Solution File, Format Version 12.00
# Visual Studio Version 17
VisualStudioVersion = 17.5.33424.131
MinimumVisualStudioVersion = 10.0.40219.1
Project("{9A19103F-16F7-4668-BE54-9A1E7A4F7556}") = "GeoProfs App", "GeoProfs App\GeoProfs App.csproj", "{4BC0CBBC-6ECA-4961-AE27-CB3C8F4DB00D}"
EndProject
Project("{2150E333-8FDC-42A3-9474-1A3956D46DE8}") = "Solution Items", "Solution Items", "{2D4DFF29-C2FE-43E4-8544-6B30193C0B42}"
	ProjectSection(SolutionItems) = preProject
		.editorconfig = .editorconfig
	EndProjectSection
EndProject
Global
	GlobalSection(SolutionConfigurationPlatforms) = preSolution
		Debug|Any CPU = Debug|Any CPU
		Release|Any CPU = Release|Any CPU
	EndGlobalSection
	GlobalSection(ProjectConfigurationPlatforms) = postSolution
		{4BC0CBBC-6ECA-4961-AE27-CB3C8F4DB00D}.Debug|Any CPU.ActiveCfg = Debug|Any CPU
		{4BC0CBBC-6ECA-4961-AE27-CB3C8F4DB00D}.Debug|Any CPU.Build.0 = Debug|Any CPU
		{4BC0CBBC-6ECA-4961-AE27-CB3C8F4DB00D}.Release|Any CPU.ActiveCfg = Release|Any CPU
		{4BC0CBBC-6ECA-4961-AE27-CB3C8F4DB00D}.Release|Any CPU.Build.0 = Release|Any CPU
	EndGlobalSection
	GlobalSection(SolutionProperties) = preSolution
		HideSolutionNode = FALSE
	EndGlobalSection
	GlobalSection(ExtensibilityGlobals) = postSolution
		SolutionGuid = {89B0A455-84BF-4A14-A9A2-523CFA77F04E}
	EndGlobalSection
EndGlobal
